
Microsoft Visual Studio Solution File, Format Version 12.00
# Visual Studio Version 17
VisualStudioVersion = 17.7.34031.279
MinimumVisualStudioVersion = 10.0.40219.1
Project("{FAE04EC0-301F-11D3-BF4B-00C04F79EFBC}") = "SchoolDataNUnit", "SchoolDataNUnit\SchoolDataNUnit.csproj", "{70A60DEA-6091-4741-A9A6-8E047933AF0E}"
EndProject
Project("{FAE04EC0-301F-11D3-BF4B-00C04F79EFBC}") = "NUnitTestProject", "NUnitTestProject\NUnitTestProject.csproj", "{02BFD5CF-64F2-4902-82FE-2A1FA4F52134}"
EndProject
Global
	GlobalSection(SolutionConfigurationPlatforms) = preSolution
		Debug|Any CPU = Debug|Any CPU
		Release|Any CPU = Release|Any CPU
	EndGlobalSection
	GlobalSection(ProjectConfigurationPlatforms) = postSolution
		{70A60DEA-6091-4741-A9A6-8E047933AF0E}.Debug|Any CPU.ActiveCfg = Debug|Any CPU
		{70A60DEA-6091-4741-A9A6-8E047933AF0E}.Debug|Any CPU.Build.0 = Debug|Any CPU
		{70A60DEA-6091-4741-A9A6-8E047933AF0E}.Release|Any CPU.ActiveCfg = Release|Any CPU
		{70A60DEA-6091-4741-A9A6-8E047933AF0E}.Release|Any CPU.Build.0 = Release|Any CPU
		{02BFD5CF-64F2-4902-82FE-2A1FA4F52134}.Debug|Any CPU.ActiveCfg = Debug|Any CPU
		{02BFD5CF-64F2-4902-82FE-2A1FA4F52134}.Debug|Any CPU.Build.0 = Debug|Any CPU
		{02BFD5CF-64F2-4902-82FE-2A1FA4F52134}.Release|Any CPU.ActiveCfg = Release|Any CPU
		{02BFD5CF-64F2-4902-82FE-2A1FA4F52134}.Release|Any CPU.Build.0 = Release|Any CPU
	EndGlobalSection
	GlobalSection(SolutionProperties) = preSolution
		HideSolutionNode = FALSE
	EndGlobalSection
	GlobalSection(ExtensibilityGlobals) = postSolution
		SolutionGuid = {65891622-0B14-4D00-B8FD-A134033B3340}
	EndGlobalSection
EndGlobal
